
Microsoft Visual Studio Solution File, Format Version 12.00
# Visual Studio Version 18
VisualStudioVersion = 18.0.11111.16
MinimumVisualStudioVersion = 10.0.40219.1
Project("{FAE04EC0-301F-11D3-BF4B-00C04F79EFBC}") = "API", "API\API.csproj", "{5A882056-E714-48DE-A3F4-DB381EF7E7C2}"
EndProject
Project("{FAE04EC0-301F-11D3-BF4B-00C04F79EFBC}") = "Core", "Core\Core.csproj", "{00E57CDF-F7DA-4D0A-9E2B-E1936D49F408}"
EndProject
Project("{FAE04EC0-301F-11D3-BF4B-00C04F79EFBC}") = "Infrastructure", "Infrastructure\Infrastructure.csproj", "{863AA630-FDCB-4C33-8A1B-35D6234F030E}"
EndProject
Project("{2150E333-8FDC-42A3-9474-1A3956D46DE8}") = "Solution Items", "Solution Items", "{9BBDF02D-A8B3-4D19-A89D-5A1AE6245FB3}"
	ProjectSection(SolutionItems) = preProject
		docker-compose.yml = docker-compose.yml
	EndProjectSection
EndProject
Project("{FAE04EC0-301F-11D3-BF4B-00C04F79EFBC}") = "RazorUI", "RazorUI\RazorUI.csproj", "{53EA0431-0855-40FA-AAC7-735FFD92B2F1}"
EndProject
Project("{FAE04EC0-301F-11D3-BF4B-00C04F79EFBC}") = "RazorMVCUI", "RazorMVCUI\RazorMVCUI.csproj", "{E779A030-5896-433A-B7C8-87BBC5C5E861}"
EndProject
Global
	GlobalSection(SolutionConfigurationPlatforms) = preSolution
		Debug|Any CPU = Debug|Any CPU
		Release|Any CPU = Release|Any CPU
	EndGlobalSection
	GlobalSection(ProjectConfigurationPlatforms) = postSolution
		{5A882056-E714-48DE-A3F4-DB381EF7E7C2}.Debug|Any CPU.ActiveCfg = Debug|Any CPU
		{5A882056-E714-48DE-A3F4-DB381EF7E7C2}.Debug|Any CPU.Build.0 = Debug|Any CPU
		{5A882056-E714-48DE-A3F4-DB381EF7E7C2}.Release|Any CPU.ActiveCfg = Release|Any CPU
		{5A882056-E714-48DE-A3F4-DB381EF7E7C2}.Release|Any CPU.Build.0 = Release|Any CPU
		{00E57CDF-F7DA-4D0A-9E2B-E1936D49F408}.Debug|Any CPU.ActiveCfg = Debug|Any CPU
		{00E57CDF-F7DA-4D0A-9E2B-E1936D49F408}.Debug|Any CPU.Build.0 = Debug|Any CPU
		{00E57CDF-F7DA-4D0A-9E2B-E1936D49F408}.Release|Any CPU.ActiveCfg = Release|Any CPU
		{00E57CDF-F7DA-4D0A-9E2B-E1936D49F408}.Release|Any CPU.Build.0 = Release|Any CPU
		{863AA630-FDCB-4C33-8A1B-35D6234F030E}.Debug|Any CPU.ActiveCfg = Debug|Any CPU
		{863AA630-FDCB-4C33-8A1B-35D6234F030E}.Debug|Any CPU.Build.0 = Debug|Any CPU
		{863AA630-FDCB-4C33-8A1B-35D6234F030E}.Release|Any CPU.ActiveCfg = Release|Any CPU
		{863AA630-FDCB-4C33-8A1B-35D6234F030E}.Release|Any CPU.Build.0 = Release|Any CPU
		{53EA0431-0855-40FA-AAC7-735FFD92B2F1}.Debug|Any CPU.ActiveCfg = Debug|Any CPU
		{53EA0431-0855-40FA-AAC7-735FFD92B2F1}.Debug|Any CPU.Build.0 = Debug|Any CPU
		{53EA0431-0855-40FA-AAC7-735FFD92B2F1}.Release|Any CPU.ActiveCfg = Release|Any CPU
		{53EA0431-0855-40FA-AAC7-735FFD92B2F1}.Release|Any CPU.Build.0 = Release|Any CPU
		{E779A030-5896-433A-B7C8-87BBC5C5E861}.Debug|Any CPU.ActiveCfg = Debug|Any CPU
		{E779A030-5896-433A-B7C8-87BBC5C5E861}.Debug|Any CPU.Build.0 = Debug|Any CPU
		{E779A030-5896-433A-B7C8-87BBC5C5E861}.Release|Any CPU.ActiveCfg = Release|Any CPU
		{E779A030-5896-433A-B7C8-87BBC5C5E861}.Release|Any CPU.Build.0 = Release|Any CPU
	EndGlobalSection
	GlobalSection(SolutionProperties) = preSolution
		HideSolutionNode = FALSE
	EndGlobalSection
	GlobalSection(ExtensibilityGlobals) = postSolution
		SolutionGuid = {BCEA5E7C-D8A1-4433-BD89-BFB2C8BCB2A2}
	EndGlobalSection
EndGlobal
